{
  "name": "colleges-pgm-emmavanderhaeghen",
  "lockfileVersion": 2,
  "requires": true,
  "packages": {
    "": {
      "dependencies": {
        "openssl": "^2.0.0",
        "three": "^0.148.0",
        "three-gltf-loader": "^1.111.0"
      }
    },
    "node_modules/openssl": {
      "version": "2.0.0",
      "resolved": "https://registry.npmjs.org/openssl/-/openssl-2.0.0.tgz",
      "integrity": "sha512-0FgKhQ/e+XCtTTgn3qZO2g3y+Y3FC/LGvt77oObmMR4ZkZvsV1CuG/mMZClZgZqVKr0+tkemP+I3Uub4WXkHYw=="
    },
    "node_modules/three": {
      "version": "0.148.0",
      "resolved": "https://registry.npmjs.org/three/-/three-0.148.0.tgz",
      "integrity": "sha512-8uzVV+qhTPi0bOFs/3te3RW6hb3urL8jYEl6irjCWo/l6sr8MPNMcClFev/MMYeIxr0gmDcoXTy/8LXh/LXkfw=="
    },
    "node_modules/three-gltf-loader": {
      "version": "1.111.0",
      "resolved": "https://registry.npmjs.org/three-gltf-loader/-/three-gltf-loader-1.111.0.tgz",
      "integrity": "sha512-f2d6J5sMEC+dvRcpRjE8g9vqtvpNfnR7bgd+R7Y0dj2mmHwKN5luKe/WYA0Z9+j7mhjla/AC5DGxdXsu8wFhug==",
      "deprecated": "Starting with three.js r103, GLTFLoader is included in the three package itself and installing three-gltf-loader is no longer necessary. It can be imported from 'three/examples/jsm/loaders/GLTFLoader'",
      "peerDependencies": {
        "three": ">=0.111.0"
      }
    }
  },
  "dependencies": {
    "openssl": {
      "version": "2.0.0",
      "resolved": "https://registry.npmjs.org/openssl/-/openssl-2.0.0.tgz",
      "integrity": "sha512-0FgKhQ/e+XCtTTgn3qZO2g3y+Y3FC/LGvt77oObmMR4ZkZvsV1CuG/mMZClZgZqVKr0+tkemP+I3Uub4WXkHYw=="
    },
    "three": {
      "version": "0.148.0",
      "resolved": "https://registry.npmjs.org/three/-/three-0.148.0.tgz",
      "integrity": "sha512-8uzVV+qhTPi0bOFs/3te3RW6hb3urL8jYEl6irjCWo/l6sr8MPNMcClFev/MMYeIxr0gmDcoXTy/8LXh/LXkfw=="
    },
    "three-gltf-loader": {
      "version": "1.111.0",
      "resolved": "https://registry.npmjs.org/three-gltf-loader/-/three-gltf-loader-1.111.0.tgz",
      "integrity": "sha512-f2d6J5sMEC+dvRcpRjE8g9vqtvpNfnR7bgd+R7Y0dj2mmHwKN5luKe/WYA0Z9+j7mhjla/AC5DGxdXsu8wFhug==",
      "requires": {}
    }
  }
}
